{
  "version": 4,
  "terraform_version": "1.7.5",
  "serial": 59,
  "lineage": "542b939d-6031-c6a5-d399-535a7cbeac82",
  "outputs": {},
  "resources": [
    {
      "mode": "managed",
      "type": "azurerm_cosmosdb_postgresql_cluster",
      "name": "db1",
      "provider": "provider[\"registry.terraform.io/hashicorp/azurerm\"]",
      "instances": [
        {
          "schema_version": 0,
          "attributes": {
            "administrator_login_password": "Root1234",
            "citus_version": "12.1",
            "coordinator_public_ip_access_enabled": true,
            "coordinator_server_edition": "GeneralPurpose",
            "coordinator_storage_quota_in_mb": 131072,
            "coordinator_vcore_count": 2,
            "earliest_restore_time": "",
            "ha_enabled": false,
            "id": "/subscriptions/9102ad22-29b3-4b1d-a45e-c377a9554d9a/resourceGroups/rg1/providers/Microsoft.DBforPostgreSQL/serverGroupsv2/db1",
            "location": "westus2",
            "maintenance_window": [],
            "name": "db1",
            "node_count": 0,
            "node_public_ip_access_enabled": false,
            "node_server_edition": "MemoryOptimized",
            "node_storage_quota_in_mb": 524288,
            "node_vcores": 2,
            "point_in_time_in_utc": "",
            "preferred_primary_zone": "",
            "resource_group_name": "rg1",
            "shards_on_coordinator_enabled": true,
            "source_location": "",
            "source_resource_id": "",
            "sql_version": "16",
            "tags": null,
            "timeouts": null
          },
          "sensitive_attributes": [],
          "private": "eyJlMmJmYjczMC1lY2FhLTExZTYtOGY4OC0zNDM2M2JjN2M0YzAiOnsiY3JlYXRlIjoxMDgwMDAwMDAwMDAwMCwiZGVsZXRlIjoxMDgwMDAwMDAwMDAwMCwicmVhZCI6MzAwMDAwMDAwMDAwLCJ1cGRhdGUiOjEwODAwMDAwMDAwMDAwfX0=",
          "dependencies": [
            "azurerm_resource_group.rg1"
          ]
        }
      ]
    },
    {
      "mode": "managed",
      "type": "azurerm_kubernetes_cluster",
      "name": "aks1",
      "provider": "provider[\"registry.terraform.io/hashicorp/azurerm\"]",
      "instances": [
        {
          "schema_version": 2,
          "attributes": {
            "aci_connector_linux": [],
            "api_server_access_profile": [],
            "api_server_authorized_ip_ranges": [],
            "auto_scaler_profile": [
              {
                "balance_similar_node_groups": false,
                "empty_bulk_delete_max": "10",
                "expander": "random",
                "max_graceful_termination_sec": "600",
                "max_node_provisioning_time": "15m",
                "max_unready_nodes": 4,
                "max_unready_percentage": 50,
                "new_pod_scale_up_delay": "0s",
                "scale_down_delay_after_add": "10m",
                "scale_down_delay_after_delete": "10s",
                "scale_down_delay_after_failure": "3m",
                "scale_down_unneeded": "10m",
                "scale_down_unready": "20m",
                "scale_down_utilization_threshold": "0.5",
                "scan_interval": "10s",
                "skip_nodes_with_local_storage": true,
                "skip_nodes_with_system_pods": true
              }
            ],
            "automatic_channel_upgrade": "",
            "azure_active_directory_role_based_access_control": [],
            "azure_policy_enabled": null,
            "confidential_computing": [],
            "custom_ca_trust_certificates_base64": [],
            "default_node_pool": [
              {
                "capacity_reservation_group_id": "",
                "custom_ca_trust_enabled": false,
                "enable_auto_scaling": false,
                "enable_host_encryption": false,
                "enable_node_public_ip": false,
                "fips_enabled": false,
                "host_group_id": "",
                "kubelet_config": [],
                "kubelet_disk_type": "OS",
                "linux_os_config": [],
                "max_count": 0,
                "max_pods": 110,
                "message_of_the_day": "",
                "min_count": 0,
                "name": "default",
                "node_count": 0,
                "node_labels": {},
                "node_network_profile": [],
                "node_public_ip_prefix_id": "",
                "node_taints": [],
                "only_critical_addons_enabled": false,
                "orchestrator_version": "1.28.5",
                "os_disk_size_gb": 30,
                "os_disk_type": "Managed",
                "os_sku": "Ubuntu",
                "pod_subnet_id": "",
                "proximity_placement_group_id": "",
                "scale_down_mode": "Delete",
                "tags": {},
                "temporary_name_for_rotation": "",
                "type": "VirtualMachineScaleSets",
                "ultra_ssd_enabled": false,
                "upgrade_settings": [
                  {
                    "max_surge": "10%"
                  }
                ],
                "vm_size": "Standard_D2_v2",
                "vnet_subnet_id": "",
                "workload_runtime": "",
                "zones": []
              }
            ],
            "disk_encryption_set_id": "",
            "dns_prefix": "ive220035674-k8s",
            "dns_prefix_private_cluster": "",
            "edge_zone": "",
            "enable_pod_security_policy": false,
            "fqdn": "ive220035674-k8s-hajxj69c.hcp.westus2.azmk8s.io",
            "http_application_routing_enabled": null,
            "http_application_routing_zone_name": null,
            "http_proxy_config": [],
            "id": "/subscriptions/9102ad22-29b3-4b1d-a45e-c377a9554d9a/resourceGroups/rg1/providers/Microsoft.ContainerService/managedClusters/aks1",
            "identity": [],
            "image_cleaner_enabled": false,
            "image_cleaner_interval_hours": 48,
            "ingress_application_gateway": [],
            "key_management_service": [],
            "key_vault_secrets_provider": [],
            "kube_admin_config": [],
            "kube_admin_config_raw": "",
            "kube_config": [
              {
                "client_certificate": "LS0tLS1CRUdJTiBDRVJUSUZJQ0FURS0tLS0tCk1JSUZIakNDQXdhZ0F3SUJBZ0lSQVBXS0RpSnlqbXdFOTExa0V4Zmdsb293RFFZSktvWklodmNOQVFFTEJRQXcKRFRFTE1Ba0dBMVVFQXhNQ1kyRXdIaGNOTWpRd05EQTRNRGMwTURNNFdoY05Nall3TkRBNE1EYzFNRE00V2pBdwpNUmN3RlFZRFZRUUtFdzV6ZVhOMFpXMDZiV0Z6ZEdWeWN6RVZNQk1HQTFVRUF4TU1iV0Z6ZEdWeVkyeHBaVzUwCk1JSUNJakFOQmdrcWhraUc5dzBCQVFFRkFBT0NBZzhBTUlJQ0NnS0NBZ0VBK2ZPUU9CSGlua05pdEhEb3pYRlIKQjZUYWJ4cXU2N1NiOHhCVi83NmcwNC9WN2FlWlRYSDRyRm15dis3WDhTUWd2bnJsY0RYN2xWK3BLYnZ2ekl3bQpLRFBvTldiTmNLczM1SFpaa2JGdWlKSkg2V2NmRW5KRlFSUEtqMjV3Y2lxU0tGclVRQnIyd2FCQUJvamRYY0FsCjNqOWVwT1FpZmF5VGtseVdSdTQyOUdwL1dhS2NmRjlxRjd2d0NpYTZCaHJ2K0FqL3RtNXpybnc0bWh5bXY1ZFAKMGcxazhlV3V6M2YzQVJHQTk1TWpsOFRjUk9wai9MZjB3VVVqV0E3MDNCcU9yUnN0Q250dzBLcjZmRTZycUxveAo0ZWNyR3VCbXozaEZyNXp5QTBYT1dlK3VtNVRsenI0MENMRmVJaWxNYkI3S3JNNkpJQXk1OTNTaEFndE5EMitmCmd4Nzd2WmFNZHowOTFZVkJNVUxoTXpid3pNdytGWDM1S2k1Qm9yaEJIZFZvc2hDN0ZEU0hrMnRvcDFsTVMxc1EKQU92Q0x3blRuMUprcWhzbzIvdUZpMVlWcFp4VTJLSWk1VXFyWHBIblZaSHF0a1BNblh0RlJlRHhsNUJZbllZMQpDU0pWbkMrbFFlMDVnaDdDQUhWMHlZOEcybnVxS3NNZ05SZ0I4NHBxNTI1NURKeVRoM1lpbE0ySHVDaHhzenE0CnlhUHNLMjJNbndzK1E5b0tVL1RUNnQ3a1Zmb1pKYVQ5WHUrK2xrN2grRW1tK2x5N2t6OVhYNzlURGR6WWhTYksKQUxKUFpRS1Bub1ZodkJmZXNDVHRTQVRGOWRYbG9aWjZuRTg5WnVUV0RhOXJuNURVTGFaU0pxWWZJb1MxWkgxdgpaNHRSbHFCeWZSTzA2R202SWV4M1Rva0NBd0VBQWFOV01GUXdEZ1lEVlIwUEFRSC9CQVFEQWdXZ01CTUdBMVVkCkpRUU1NQW9HQ0NzR0FRVUZCd01DTUF3R0ExVWRFd0VCL3dRQ01BQXdId1lEVlIwakJCZ3dGb0FVTjQyb1NmY00Ka0NrYmNFVi9FakhTMWtiWEEyd3dEUVlKS29aSWh2Y05BUUVMQlFBRGdnSUJBSXJjb1c3VUFPMHJNa21OeTU4ZgplVW5jTWp4bTIvU2Q5ZVdDRmhlY1kvWTF1YjE1U2ZhWkhMN3Q0QW5rZjJZbmY1QUo0WTlWNDVCUWY0dmIxR1hECkZsK0NaNkpsS29CWmxCNXJUL3VxMTNKc0RRaXpaankvaDI3Q2F2YjB4R2NEN2hGc0dOamVBaDh5M1lrenZ3TmcKeXMyM0tKVG1XMUdPUWhrR01xZzhvOE1nYXhjQ3MvRTV1VlFKOG1pTTdpNVdlN2tnMTJpQlYzcFBxNFN1a0RsWgowR1NYM3pOMncrLzBUNE52ZHdNczUwWi9ycTBjaUo1KzRtZzRLZG9ONVdlb1gyM0pRMzJyZGlHSXNPQ0FPajM0CnJzMWZZazFJcVZWUHlWQ0VIZnhxUmlXTkdJeDFKczA4NkY2RXFHNEQ1Rm9xZEovL0xraitvRGRSbEt5My9oZkoKaGdkbG1tS29MYis4TXBjL2k0ZmFPd3NRZXRiZEI1ZldldTYzWEpJdlVzYmNkblpuSW4yY0xyQkhzaXBqbVNjVwo0WXZKd0lBcWZHMDQ0Uk9EQitkSWx4cXlyeHBMUUhaNy9LbkRJbi9qd2xUSUNkVWZTemcxQzBHTjBjdCtSUy9DCktuVzQ3S0JTTEJING9UTkV0QW9YMkZENWNFaHZaZFFsZ2wwMlplaGQrZDNOMFhVQmFUMG01dUw1ODFTYTk3UjUKV2Z4S1JDa2pBY2IyS3BQKzNFenptV2ZzcFlqLy9pVFFYWnFXUnR1dGsrTGNmY25jbm16THAybms0TVZnRzg4MQpUUjRoSTJlRHlQZXdPK3E5eXArSHNFM3J2eFAyMUpLQkVTL3lzUC80VFU3TDRibXFJZ1BQWEVhSk1adFJBYUFxCnBYWWZKUTFVaU1CR0dnRnpFZmJIV2piUQotLS0tLUVORCBDRVJUSUZJQ0FURS0tLS0tCg==",
                "client_key": "LS0tLS1CRUdJTiBSU0EgUFJJVkFURSBLRVktLS0tLQpNSUlKS0FJQkFBS0NBZ0VBK2ZPUU9CSGlua05pdEhEb3pYRlJCNlRhYnhxdTY3U2I4eEJWLzc2ZzA0L1Y3YWVaClRYSDRyRm15dis3WDhTUWd2bnJsY0RYN2xWK3BLYnZ2ekl3bUtEUG9OV2JOY0tzMzVIWlprYkZ1aUpKSDZXY2YKRW5KRlFSUEtqMjV3Y2lxU0tGclVRQnIyd2FCQUJvamRYY0FsM2o5ZXBPUWlmYXlUa2x5V1J1NDI5R3AvV2FLYwpmRjlxRjd2d0NpYTZCaHJ2K0FqL3RtNXpybnc0bWh5bXY1ZFAwZzFrOGVXdXozZjNBUkdBOTVNamw4VGNST3BqCi9MZjB3VVVqV0E3MDNCcU9yUnN0Q250dzBLcjZmRTZycUxveDRlY3JHdUJtejNoRnI1enlBMFhPV2UrdW01VGwKenI0MENMRmVJaWxNYkI3S3JNNkpJQXk1OTNTaEFndE5EMitmZ3g3N3ZaYU1kejA5MVlWQk1VTGhNemJ3ek13KwpGWDM1S2k1Qm9yaEJIZFZvc2hDN0ZEU0hrMnRvcDFsTVMxc1FBT3ZDTHduVG4xSmtxaHNvMi91RmkxWVZwWnhVCjJLSWk1VXFyWHBIblZaSHF0a1BNblh0RlJlRHhsNUJZbllZMUNTSlZuQytsUWUwNWdoN0NBSFYweVk4RzJudXEKS3NNZ05SZ0I4NHBxNTI1NURKeVRoM1lpbE0ySHVDaHhzenE0eWFQc0syMk1ud3MrUTlvS1UvVFQ2dDdrVmZvWgpKYVQ5WHUrK2xrN2grRW1tK2x5N2t6OVhYNzlURGR6WWhTYktBTEpQWlFLUG5vVmh2QmZlc0NUdFNBVEY5ZFhsCm9aWjZuRTg5WnVUV0RhOXJuNURVTGFaU0pxWWZJb1MxWkgxdlo0dFJscUJ5ZlJPMDZHbTZJZXgzVG9rQ0F3RUEKQVFLQ0FnRUFpcGpYKzM5UFhkcVh2TjV1K0p4QkJqQVBQMVJZY2pLdjF0UFVHLytrUml1WHdEUVMrYktjNVZUSApuVTNmUjhOMHRLcUkxdlBZRVRmK0lUb28rZzhzaVZaZkNGMTh4V0RybVM5VzgwYWp0KzhGR1JNcFU1MHhjYWg3CnhaVERuVXFseU9LMGx1ZGN0SGtiaDRRVTI0dFVkQ3hIV3I5MXNLSWxJaDljNU8vcVlSVThrSU51cWpodUo4TDYKazJadCtEeXZtNlhCeFhMeGltc3ZKNldEZ1BGeVBWTllDaG9HR055NGhrc2liQ1dXc3UxaUJvVEI5THc4WjM3aQozazFNMFUrWWxieGYrVlFCZG5PWWVaMVY2alYwdTRMbmovdW1ocHgyWjY1ck5BMWRJdG1ZeElTSCtWL1drb3RuCld5SHpVbkN3aWFuc3QyelhJYlAySTZBSWx1cWFVNDRzWG5Ud01LSXpIMWVmb1RXa0FmMkpNaDJqTEltTGg5REEKb3ZFUjBvL2phS0R4TFRFTjdQeFBncmo3QndDc0Z5TURvVm1iTm5GQzNlRklGR1ByMmNBYkpxUkhKL2ZkVE5zagphU3NxZm96dWxhMUNHZTVKT01NaEdZYlBLaVE3UExtMW1qNEM1ZjAxQlE2c1haNFd3YkcyM0x4Q250SnZIbElKCmtTWnhMcDFWK1ZTZUR3NDFhb0lSeW9zM1I0b0VmVVZ4TE5wdWlpcWhkN2w1ME0rdXlaRTgzaGYzbUo0QTR5dVgKSlZoZGI1L2lOL3gwMFlTSGp3TFV0eTczTXZlWW55R1FhVGZjZ2xhMCtUaDN1MjJxTGNqcjVRNWFrZUw5WDRmeQptUlJPS1RNUndDTGZaSXBNSWs2Y0o2ZDYvbzVJWjVpbjJ1NWc1TmpYZVpSbW4rQUJrMEVDZ2dFQkFQN2JPNUxPCkZYT3BRd2FJTHppQXRLTkNHY0dXeHJQMVg4alcvUksvRTE0YTdVcXV5MkR2ekFXdjlZazQrL3pOL0pod1poV3QKdkJOUDFoUHRMdys5RXF0dDJxZDl2SzF5UXRKdWpGMzlmL0ZYRUFNUmVvUDJaelRmYUlCT1hNRmdRMTNkd2tObwptM1JsOFV2Y3h5ck10UWN4TXVwZG92ZCs3dTc4ZVVsbm83UmtueUZwcUdvOUhocCtOSHRnaWN4V2pvWjBIRjJrClVTZFZtd1Noclk4S2I5TEV2c29PSnJKaGVrQ1JLOGp5aVFmTnB6NW9Td0NJMEM0ZFhxdXN1ZUk5YnJqcTlQK2YKV2xQNFRKTk9iWTcwRzJsVU83dkhxMlFyVWxLV20xMmI2cHl5a3BCSmFtRENkMVJqTG9wZEFFYzJGcGxDdm1pdwowR1lYOUVmVm9KU3BEKzBDZ2dFQkFQc1NzakM1emxkMXUvdDVyM2dZUDNKVE5QT3QyNlcvczhSWW5YWjVGVENlClloYzNqU1NyQ2RxdnAvbWdTVWlteUsyandNMHNaWUxzN3d6YTN3V21LcVFqMEh1KzBWaTJ6UFdoRTgvYXhuRjAKWVp5UTBZY3FFMXoySFJYbGNnZGc3THM4eWpPM250Vzh3T1h2Rll0U3VzZURmMTBCS1BDV0ZQc2VwWUh5aE9ucwpKRjVJKzRFekNKVUdjRWhDcHRmKzczL0VFVmpyOXBYcDhHbjdjV0kyRWpJWE1ybmhIbWxldGJ4Z2NNRUlwMzNwCmYvellCQzlwOTZ0Vk90aVcvN2RTZ1BCb0cvdFlyZ0lUdnZFOWxlMXRjUjF5ZVUzaUcva0FEOSs1d0hZOXJVZHoKcm01cG9SUmJjQi9JN1dNQ1VnNVVxZ0o5WkJ0K3N6dERZc29kbnVsa2pZMENnZ0VBRzJkcGZYeXBjOWxrZXFSVQpKNGczWkVLc1VGT3RKQmFqYVE0dEFrSUhqQnZySGhlemlNWGdNMUJiWDVrQUI0d0N1RVdGeEpqODJ6cS9jejhTCnkyZHlSWHEzZzBFUzg3ZVFsZDRMTytRUlNOc3F2cG0zaWM4S0EvWnQzellONVVFN25URkdQVWRYUituYVMyVC8KQ1l3ZmZ4bDhOeFZBZThwcldNbFBKV1IraHR3Mi9EbkhRVDAzS25RZG9wS2IzcHdFRVZNVTVjRFFkU0ZRWE93aApwSHJqMFU4VWtOZDZzNzJsanFITmluc0IzeFB2QXRmbUVMV2xaUUFGZVFKR3Jwd2Fkc25VOUZPbk85WThMYTdHCk94UG1pcW5qRG1zRzgrdHdtNjdVSC9tdS9aQjZFQWZFNTRpaG1qSmNBOGJDUytYMkFoN2FLSm15bnZlK2JhYjcKOEdCSmRRS0NBUUJzYnRhbVZKalpETy95MjhyOGd2eGowNnU2MGd0YXVrQlpQQ3hGVG1Yb2FYN1RxQm85QytGbApvUmRhcCs3K2dZbUo5SDhBSFh4NTN2b2ZBeWZ1dUtVUjNxWGJ5NzErSXZUQjRKODkxYTUrc1ZTMjJaU2tXM2VoClhtbVJXMWF6K1JoRWhTeU95VzYvd0pWT3VNTUZPT1dSNVNqTWNnUE1aQVVMcjJDcmpxSDRwUlBQNUpVNloxLzkKZkpwaG11ZVR3WGFPSjQrV1o5SkhUSkdZTkEvejZvWlJPOU9jazYwZXROaW9VcjVmbiswMlkvSHlzUmlkb1pabApXSm5oa05VL3gxSUlnZTRUejJqWFhNL0tRRjdQKzhRdWc1SUFJUGNUd3dNWURKRWlmK0NtU3orNlQ4UlJsbXdHClRqQzM0Zml1VjhKVThQS2JMVTBhK3k5Zk93dTJvTWJCQW9JQkFHREhJaXJFVGFQcS8yZnl5YWtpNUVGQTd6bGEKVURDcXdXS1RFRVQrMGVtYmVmaE44ZkJ3K0lESGVCQUlVSUZZNmxjNXpFZTNkL2JtSlNOcGtqZk5BMWF0ekZ4VwpQb21MTHZyOFhjeTVZc1Q5K2lXTFhQRjI4SXM2aWg5UVVDQ2NsVDVUZGhIdGVQTURzOFVtYlZJQVVQeVZ0akhsCnJCaWdMd2ljSkhNYUQ1akVBeldxZ3J1Y21wWFQ0RkRpRHRCeUFVYS9XQzh0aDUwWndUYVBZUXdJalVaenlqeFMKMkoxU1FIWDZKcU5mSTdmZmNUbTRqbE1qUjdSc0tsNCtFa2hXZDVPVm9QZXBtVDVFRFVkdis3UkF2alpBTGR2eAp1cUFBRUFXN09LbkxiSXB5U1dnZFRoby80Z0h0bmxhRzQwUTV5bm9WUlRMcmIxeWQ3V0NHY2lna0dBZz0KLS0tLS1FTkQgUlNBIFBSSVZBVEUgS0VZLS0tLS0K",
                "cluster_ca_certificate": "LS0tLS1CRUdJTiBDRVJUSUZJQ0FURS0tLS0tCk1JSUU2VENDQXRHZ0F3SUJBZ0lSQUorOFF6YXdQSzd4MEU5dVNMaGJBcjh3RFFZSktvWklodmNOQVFFTEJRQXcKRFRFTE1Ba0dBMVVFQXhNQ1kyRXdJQmNOTWpRd05EQTRNRGMwTURNNFdoZ1BNakExTkRBME1EZ3dOelV3TXpoYQpNQTB4Q3pBSkJnTlZCQU1UQW1OaE1JSUNJakFOQmdrcWhraUc5dzBCQVFFRkFBT0NBZzhBTUlJQ0NnS0NBZ0VBCnZKa0RMQlVNZk0zTCtGS1JwY2J0YWhyR1Jod3RoV0lDV3VFTzhoaGFmdkl4eHh0SEg0cm9KbFhkVTFWNTBUQWQKaVFZaFhKN2VOSyswb2t4dTF2QTQ0VGxBdUpMU0pHZnAwemhNbEZ3cVY0ckliMElZd2xSL016R3lzZ0FCNFo3MQpjNFJ5ZEtCM1crN3BlMXlIcEpWTy93dHE4VmVFU0lpaUdjU2dLQWxBS0tHSmxRREZMZ3ZVdHZuRU9qWU1BNXVsCmhpTHgxdnNuaFZSWDc1VUtjVEpJc0Nvcm0weEN6a0pLUnAwYUZoeXpmR2orNUsvMXpVNnlWSXcwN0JKUC9MUzIKY3NOZXBYeHBHbXB5VnJnNFg1S2hjZUcySm1Qa1pkdUtZak96dlRVVXNYcGJLb25UUlNFMWpsTEN0UFllSWlUNAplWUE1dTRBVWQ5QWJwa1dGdTdKQlFSWUw3N0FYVGMzT1MxSkpwY1JqZGpBdnl3N1J2VU93RTBGUmtFUmZqQWZBCldocDAyTkI0SWgrWWt1Si9IbG5PU0t0ZUVNbFNweHBBeWw5Qk10RFVLMFdZZWFtMjFjU2VJdEJPTlpud0ZBSGUKR2RZdUxMZmczWFVlY0crRTd1djB0RVl2YUJJbXVONWpMb3RFdjJJTitUOEtVaW00VDIxcXlOSW11TEgyQVZrRgo4dXhRcE85UnV0Rlg0N3ArUVRYUlU0R3lIdjhQUkY4cTJyMXJ6dlIxTUdLZnR5SjM3YS9aM2tMK0VMRnE2V3R1CktVM2VsY2ptTUw0ajVJL2ZwNUxTVjhUQzN2ZDYvdkM0MHZ3WDEvY1NqN3pZTXlrSDcvR3J5QUVhQUN0ZHlSUUQKcVhjWXlsV1Y5WDNyQ0NTaTdwODlINitPdE4rT3B6Zmo2akRZUW81ODJ5MENBd0VBQWFOQ01FQXdEZ1lEVlIwUApBUUgvQkFRREFnS2tNQThHQTFVZEV3RUIvd1FGTUFNQkFmOHdIUVlEVlIwT0JCWUVGRGVOcUVuM0RKQXBHM0JGCmZ4SXgwdFpHMXdOc01BMEdDU3FHU0liM0RRRUJDd1VBQTRJQ0FRQTM0UWZzSDBpTVJVeHZrYjRtUHdJbXgwR3YKNlk2L0FFeWZTVmVGVHphVFVRd2cwRHp1Vy9rVVhTUWlCTVNKVUFjVVdabVE4K3p0eCthQ3ZXNHFHWmp4S05KSAo1WnJibzJWNzN5a3k0d2dBdlVPWkdhY1o1dFhzT3Z6ZDBPeWV4R21rWlI0cFpYaU9jVWZrbWF1TGlUbzl5MGh6CnNIYjBVUHRxLzk0OVFVa2gySXpDMjJyS09QQnpyYXRIeGRML2VTT2FwSVNXeG1kcXVmUHNXbFlpZHg4T2k0WmEKR0hvSWRPcU8xWmpPenQwam5hbTJFZTM2RVhhVEdHZWhqNjB1WmNhbjRxQWd6MDQrOGJ4bkpMRjVROGU3Wkh6YQpJSEwybHF1NUZib1lwMTZOMEU5Z3RjaDVaSFc5dzhZNkZrWFZEMnNPTFRrV1JkMmZNOFd3L0JQSEpISlA1Zy9vCk80cTd6RE5oKzA3S3psbm1nT3dVK1p2dFRnWlhhWGpmekxSVDhlUHIrM2h0Z0daVjdkRVB6SVg1Z1NaWGFiNDAKdnVTYjA0Sy9wa0lqOHhnL21oVmFKVUR2V2F3ZlBObkcyQ0ZONzZ5c2Y4T1J2S2NYU3dlQ3A4YmxqQ0xXOWdpago3QVJPUzZKMEZoOHBhRGVJTEx1WUZGaDU5RnZvVGc0K2ZlWkVDUnl3YVpFRHhHbFROdTVoclFJTmJxQTlFKzhqCmkwTGJZZkVBU1BSaGIydTNUbWVYMnNUT2pqOEY2OVBMUnNJbUc0Y2ZUM0lOTk9BalRtRjQydnFFa2dzNlg0UysKQkVUSDFsSkJmN2NFMDBQSFE5Q09palJNN2NMM2xoZEREUjNwdVhqcm1jTDdOdVVKSTF6TEtlYWFVRlRva0puTQpYV0UyOGphSGx1WjFFajlCUEE9PQotLS0tLUVORCBDRVJUSUZJQ0FURS0tLS0tCg==",
                "host": "https://ive220035674-k8s-hajxj69c.hcp.westus2.azmk8s.io:443",
                "password": "u27fw47mtut5tlqpkstblp320cxvv4vsal4ws214amh6fqok96c0bvjhcintqu28qpdu0ce3kev4cogzlwiinve7jy5ovt6s1a4ivep59h8vfuecwvkn5o5dhy0d9do9",
                "username": "clusterUser_rg1_aks1"
              }
            ],
            "kube_config_raw": "apiVersion: v1\nclusters:\n- cluster:\n    certificate-authority-data: LS0tLS1CRUdJTiBDRVJUSUZJQ0FURS0tLS0tCk1JSUU2VENDQXRHZ0F3SUJBZ0lSQUorOFF6YXdQSzd4MEU5dVNMaGJBcjh3RFFZSktvWklodmNOQVFFTEJRQXcKRFRFTE1Ba0dBMVVFQXhNQ1kyRXdJQmNOTWpRd05EQTRNRGMwTURNNFdoZ1BNakExTkRBME1EZ3dOelV3TXpoYQpNQTB4Q3pBSkJnTlZCQU1UQW1OaE1JSUNJakFOQmdrcWhraUc5dzBCQVFFRkFBT0NBZzhBTUlJQ0NnS0NBZ0VBCnZKa0RMQlVNZk0zTCtGS1JwY2J0YWhyR1Jod3RoV0lDV3VFTzhoaGFmdkl4eHh0SEg0cm9KbFhkVTFWNTBUQWQKaVFZaFhKN2VOSyswb2t4dTF2QTQ0VGxBdUpMU0pHZnAwemhNbEZ3cVY0ckliMElZd2xSL016R3lzZ0FCNFo3MQpjNFJ5ZEtCM1crN3BlMXlIcEpWTy93dHE4VmVFU0lpaUdjU2dLQWxBS0tHSmxRREZMZ3ZVdHZuRU9qWU1BNXVsCmhpTHgxdnNuaFZSWDc1VUtjVEpJc0Nvcm0weEN6a0pLUnAwYUZoeXpmR2orNUsvMXpVNnlWSXcwN0JKUC9MUzIKY3NOZXBYeHBHbXB5VnJnNFg1S2hjZUcySm1Qa1pkdUtZak96dlRVVXNYcGJLb25UUlNFMWpsTEN0UFllSWlUNAplWUE1dTRBVWQ5QWJwa1dGdTdKQlFSWUw3N0FYVGMzT1MxSkpwY1JqZGpBdnl3N1J2VU93RTBGUmtFUmZqQWZBCldocDAyTkI0SWgrWWt1Si9IbG5PU0t0ZUVNbFNweHBBeWw5Qk10RFVLMFdZZWFtMjFjU2VJdEJPTlpud0ZBSGUKR2RZdUxMZmczWFVlY0crRTd1djB0RVl2YUJJbXVONWpMb3RFdjJJTitUOEtVaW00VDIxcXlOSW11TEgyQVZrRgo4dXhRcE85UnV0Rlg0N3ArUVRYUlU0R3lIdjhQUkY4cTJyMXJ6dlIxTUdLZnR5SjM3YS9aM2tMK0VMRnE2V3R1CktVM2VsY2ptTUw0ajVJL2ZwNUxTVjhUQzN2ZDYvdkM0MHZ3WDEvY1NqN3pZTXlrSDcvR3J5QUVhQUN0ZHlSUUQKcVhjWXlsV1Y5WDNyQ0NTaTdwODlINitPdE4rT3B6Zmo2akRZUW81ODJ5MENBd0VBQWFOQ01FQXdEZ1lEVlIwUApBUUgvQkFRREFnS2tNQThHQTFVZEV3RUIvd1FGTUFNQkFmOHdIUVlEVlIwT0JCWUVGRGVOcUVuM0RKQXBHM0JGCmZ4SXgwdFpHMXdOc01BMEdDU3FHU0liM0RRRUJDd1VBQTRJQ0FRQTM0UWZzSDBpTVJVeHZrYjRtUHdJbXgwR3YKNlk2L0FFeWZTVmVGVHphVFVRd2cwRHp1Vy9rVVhTUWlCTVNKVUFjVVdabVE4K3p0eCthQ3ZXNHFHWmp4S05KSAo1WnJibzJWNzN5a3k0d2dBdlVPWkdhY1o1dFhzT3Z6ZDBPeWV4R21rWlI0cFpYaU9jVWZrbWF1TGlUbzl5MGh6CnNIYjBVUHRxLzk0OVFVa2gySXpDMjJyS09QQnpyYXRIeGRML2VTT2FwSVNXeG1kcXVmUHNXbFlpZHg4T2k0WmEKR0hvSWRPcU8xWmpPenQwam5hbTJFZTM2RVhhVEdHZWhqNjB1WmNhbjRxQWd6MDQrOGJ4bkpMRjVROGU3Wkh6YQpJSEwybHF1NUZib1lwMTZOMEU5Z3RjaDVaSFc5dzhZNkZrWFZEMnNPTFRrV1JkMmZNOFd3L0JQSEpISlA1Zy9vCk80cTd6RE5oKzA3S3psbm1nT3dVK1p2dFRnWlhhWGpmekxSVDhlUHIrM2h0Z0daVjdkRVB6SVg1Z1NaWGFiNDAKdnVTYjA0Sy9wa0lqOHhnL21oVmFKVUR2V2F3ZlBObkcyQ0ZONzZ5c2Y4T1J2S2NYU3dlQ3A4YmxqQ0xXOWdpago3QVJPUzZKMEZoOHBhRGVJTEx1WUZGaDU5RnZvVGc0K2ZlWkVDUnl3YVpFRHhHbFROdTVoclFJTmJxQTlFKzhqCmkwTGJZZkVBU1BSaGIydTNUbWVYMnNUT2pqOEY2OVBMUnNJbUc0Y2ZUM0lOTk9BalRtRjQydnFFa2dzNlg0UysKQkVUSDFsSkJmN2NFMDBQSFE5Q09palJNN2NMM2xoZEREUjNwdVhqcm1jTDdOdVVKSTF6TEtlYWFVRlRva0puTQpYV0UyOGphSGx1WjFFajlCUEE9PQotLS0tLUVORCBDRVJUSUZJQ0FURS0tLS0tCg==\n    server: https://ive220035674-k8s-hajxj69c.hcp.westus2.azmk8s.io:443\n  name: aks1\ncontexts:\n- context:\n    cluster: aks1\n    user: clusterUser_rg1_aks1\n  name: aks1\ncurrent-context: aks1\nkind: Config\npreferences: {}\nusers:\n- name: clusterUser_rg1_aks1\n  user:\n    client-certificate-data: LS0tLS1CRUdJTiBDRVJUSUZJQ0FURS0tLS0tCk1JSUZIakNDQXdhZ0F3SUJBZ0lSQVBXS0RpSnlqbXdFOTExa0V4Zmdsb293RFFZSktvWklodmNOQVFFTEJRQXcKRFRFTE1Ba0dBMVVFQXhNQ1kyRXdIaGNOTWpRd05EQTRNRGMwTURNNFdoY05Nall3TkRBNE1EYzFNRE00V2pBdwpNUmN3RlFZRFZRUUtFdzV6ZVhOMFpXMDZiV0Z6ZEdWeWN6RVZNQk1HQTFVRUF4TU1iV0Z6ZEdWeVkyeHBaVzUwCk1JSUNJakFOQmdrcWhraUc5dzBCQVFFRkFBT0NBZzhBTUlJQ0NnS0NBZ0VBK2ZPUU9CSGlua05pdEhEb3pYRlIKQjZUYWJ4cXU2N1NiOHhCVi83NmcwNC9WN2FlWlRYSDRyRm15dis3WDhTUWd2bnJsY0RYN2xWK3BLYnZ2ekl3bQpLRFBvTldiTmNLczM1SFpaa2JGdWlKSkg2V2NmRW5KRlFSUEtqMjV3Y2lxU0tGclVRQnIyd2FCQUJvamRYY0FsCjNqOWVwT1FpZmF5VGtseVdSdTQyOUdwL1dhS2NmRjlxRjd2d0NpYTZCaHJ2K0FqL3RtNXpybnc0bWh5bXY1ZFAKMGcxazhlV3V6M2YzQVJHQTk1TWpsOFRjUk9wai9MZjB3VVVqV0E3MDNCcU9yUnN0Q250dzBLcjZmRTZycUxveAo0ZWNyR3VCbXozaEZyNXp5QTBYT1dlK3VtNVRsenI0MENMRmVJaWxNYkI3S3JNNkpJQXk1OTNTaEFndE5EMitmCmd4Nzd2WmFNZHowOTFZVkJNVUxoTXpid3pNdytGWDM1S2k1Qm9yaEJIZFZvc2hDN0ZEU0hrMnRvcDFsTVMxc1EKQU92Q0x3blRuMUprcWhzbzIvdUZpMVlWcFp4VTJLSWk1VXFyWHBIblZaSHF0a1BNblh0RlJlRHhsNUJZbllZMQpDU0pWbkMrbFFlMDVnaDdDQUhWMHlZOEcybnVxS3NNZ05SZ0I4NHBxNTI1NURKeVRoM1lpbE0ySHVDaHhzenE0CnlhUHNLMjJNbndzK1E5b0tVL1RUNnQ3a1Zmb1pKYVQ5WHUrK2xrN2grRW1tK2x5N2t6OVhYNzlURGR6WWhTYksKQUxKUFpRS1Bub1ZodkJmZXNDVHRTQVRGOWRYbG9aWjZuRTg5WnVUV0RhOXJuNURVTGFaU0pxWWZJb1MxWkgxdgpaNHRSbHFCeWZSTzA2R202SWV4M1Rva0NBd0VBQWFOV01GUXdEZ1lEVlIwUEFRSC9CQVFEQWdXZ01CTUdBMVVkCkpRUU1NQW9HQ0NzR0FRVUZCd01DTUF3R0ExVWRFd0VCL3dRQ01BQXdId1lEVlIwakJCZ3dGb0FVTjQyb1NmY00Ka0NrYmNFVi9FakhTMWtiWEEyd3dEUVlKS29aSWh2Y05BUUVMQlFBRGdnSUJBSXJjb1c3VUFPMHJNa21OeTU4ZgplVW5jTWp4bTIvU2Q5ZVdDRmhlY1kvWTF1YjE1U2ZhWkhMN3Q0QW5rZjJZbmY1QUo0WTlWNDVCUWY0dmIxR1hECkZsK0NaNkpsS29CWmxCNXJUL3VxMTNKc0RRaXpaankvaDI3Q2F2YjB4R2NEN2hGc0dOamVBaDh5M1lrenZ3TmcKeXMyM0tKVG1XMUdPUWhrR01xZzhvOE1nYXhjQ3MvRTV1VlFKOG1pTTdpNVdlN2tnMTJpQlYzcFBxNFN1a0RsWgowR1NYM3pOMncrLzBUNE52ZHdNczUwWi9ycTBjaUo1KzRtZzRLZG9ONVdlb1gyM0pRMzJyZGlHSXNPQ0FPajM0CnJzMWZZazFJcVZWUHlWQ0VIZnhxUmlXTkdJeDFKczA4NkY2RXFHNEQ1Rm9xZEovL0xraitvRGRSbEt5My9oZkoKaGdkbG1tS29MYis4TXBjL2k0ZmFPd3NRZXRiZEI1ZldldTYzWEpJdlVzYmNkblpuSW4yY0xyQkhzaXBqbVNjVwo0WXZKd0lBcWZHMDQ0Uk9EQitkSWx4cXlyeHBMUUhaNy9LbkRJbi9qd2xUSUNkVWZTemcxQzBHTjBjdCtSUy9DCktuVzQ3S0JTTEJING9UTkV0QW9YMkZENWNFaHZaZFFsZ2wwMlplaGQrZDNOMFhVQmFUMG01dUw1ODFTYTk3UjUKV2Z4S1JDa2pBY2IyS3BQKzNFenptV2ZzcFlqLy9pVFFYWnFXUnR1dGsrTGNmY25jbm16THAybms0TVZnRzg4MQpUUjRoSTJlRHlQZXdPK3E5eXArSHNFM3J2eFAyMUpLQkVTL3lzUC80VFU3TDRibXFJZ1BQWEVhSk1adFJBYUFxCnBYWWZKUTFVaU1CR0dnRnpFZmJIV2piUQotLS0tLUVORCBDRVJUSUZJQ0FURS0tLS0tCg==\n    client-key-data: LS0tLS1CRUdJTiBSU0EgUFJJVkFURSBLRVktLS0tLQpNSUlKS0FJQkFBS0NBZ0VBK2ZPUU9CSGlua05pdEhEb3pYRlJCNlRhYnhxdTY3U2I4eEJWLzc2ZzA0L1Y3YWVaClRYSDRyRm15dis3WDhTUWd2bnJsY0RYN2xWK3BLYnZ2ekl3bUtEUG9OV2JOY0tzMzVIWlprYkZ1aUpKSDZXY2YKRW5KRlFSUEtqMjV3Y2lxU0tGclVRQnIyd2FCQUJvamRYY0FsM2o5ZXBPUWlmYXlUa2x5V1J1NDI5R3AvV2FLYwpmRjlxRjd2d0NpYTZCaHJ2K0FqL3RtNXpybnc0bWh5bXY1ZFAwZzFrOGVXdXozZjNBUkdBOTVNamw4VGNST3BqCi9MZjB3VVVqV0E3MDNCcU9yUnN0Q250dzBLcjZmRTZycUxveDRlY3JHdUJtejNoRnI1enlBMFhPV2UrdW01VGwKenI0MENMRmVJaWxNYkI3S3JNNkpJQXk1OTNTaEFndE5EMitmZ3g3N3ZaYU1kejA5MVlWQk1VTGhNemJ3ek13KwpGWDM1S2k1Qm9yaEJIZFZvc2hDN0ZEU0hrMnRvcDFsTVMxc1FBT3ZDTHduVG4xSmtxaHNvMi91RmkxWVZwWnhVCjJLSWk1VXFyWHBIblZaSHF0a1BNblh0RlJlRHhsNUJZbllZMUNTSlZuQytsUWUwNWdoN0NBSFYweVk4RzJudXEKS3NNZ05SZ0I4NHBxNTI1NURKeVRoM1lpbE0ySHVDaHhzenE0eWFQc0syMk1ud3MrUTlvS1UvVFQ2dDdrVmZvWgpKYVQ5WHUrK2xrN2grRW1tK2x5N2t6OVhYNzlURGR6WWhTYktBTEpQWlFLUG5vVmh2QmZlc0NUdFNBVEY5ZFhsCm9aWjZuRTg5WnVUV0RhOXJuNURVTGFaU0pxWWZJb1MxWkgxdlo0dFJscUJ5ZlJPMDZHbTZJZXgzVG9rQ0F3RUEKQVFLQ0FnRUFpcGpYKzM5UFhkcVh2TjV1K0p4QkJqQVBQMVJZY2pLdjF0UFVHLytrUml1WHdEUVMrYktjNVZUSApuVTNmUjhOMHRLcUkxdlBZRVRmK0lUb28rZzhzaVZaZkNGMTh4V0RybVM5VzgwYWp0KzhGR1JNcFU1MHhjYWg3CnhaVERuVXFseU9LMGx1ZGN0SGtiaDRRVTI0dFVkQ3hIV3I5MXNLSWxJaDljNU8vcVlSVThrSU51cWpodUo4TDYKazJadCtEeXZtNlhCeFhMeGltc3ZKNldEZ1BGeVBWTllDaG9HR055NGhrc2liQ1dXc3UxaUJvVEI5THc4WjM3aQozazFNMFUrWWxieGYrVlFCZG5PWWVaMVY2alYwdTRMbmovdW1ocHgyWjY1ck5BMWRJdG1ZeElTSCtWL1drb3RuCld5SHpVbkN3aWFuc3QyelhJYlAySTZBSWx1cWFVNDRzWG5Ud01LSXpIMWVmb1RXa0FmMkpNaDJqTEltTGg5REEKb3ZFUjBvL2phS0R4TFRFTjdQeFBncmo3QndDc0Z5TURvVm1iTm5GQzNlRklGR1ByMmNBYkpxUkhKL2ZkVE5zagphU3NxZm96dWxhMUNHZTVKT01NaEdZYlBLaVE3UExtMW1qNEM1ZjAxQlE2c1haNFd3YkcyM0x4Q250SnZIbElKCmtTWnhMcDFWK1ZTZUR3NDFhb0lSeW9zM1I0b0VmVVZ4TE5wdWlpcWhkN2w1ME0rdXlaRTgzaGYzbUo0QTR5dVgKSlZoZGI1L2lOL3gwMFlTSGp3TFV0eTczTXZlWW55R1FhVGZjZ2xhMCtUaDN1MjJxTGNqcjVRNWFrZUw5WDRmeQptUlJPS1RNUndDTGZaSXBNSWs2Y0o2ZDYvbzVJWjVpbjJ1NWc1TmpYZVpSbW4rQUJrMEVDZ2dFQkFQN2JPNUxPCkZYT3BRd2FJTHppQXRLTkNHY0dXeHJQMVg4alcvUksvRTE0YTdVcXV5MkR2ekFXdjlZazQrL3pOL0pod1poV3QKdkJOUDFoUHRMdys5RXF0dDJxZDl2SzF5UXRKdWpGMzlmL0ZYRUFNUmVvUDJaelRmYUlCT1hNRmdRMTNkd2tObwptM1JsOFV2Y3h5ck10UWN4TXVwZG92ZCs3dTc4ZVVsbm83UmtueUZwcUdvOUhocCtOSHRnaWN4V2pvWjBIRjJrClVTZFZtd1Noclk4S2I5TEV2c29PSnJKaGVrQ1JLOGp5aVFmTnB6NW9Td0NJMEM0ZFhxdXN1ZUk5YnJqcTlQK2YKV2xQNFRKTk9iWTcwRzJsVU83dkhxMlFyVWxLV20xMmI2cHl5a3BCSmFtRENkMVJqTG9wZEFFYzJGcGxDdm1pdwowR1lYOUVmVm9KU3BEKzBDZ2dFQkFQc1NzakM1emxkMXUvdDVyM2dZUDNKVE5QT3QyNlcvczhSWW5YWjVGVENlClloYzNqU1NyQ2RxdnAvbWdTVWlteUsyandNMHNaWUxzN3d6YTN3V21LcVFqMEh1KzBWaTJ6UFdoRTgvYXhuRjAKWVp5UTBZY3FFMXoySFJYbGNnZGc3THM4eWpPM250Vzh3T1h2Rll0U3VzZURmMTBCS1BDV0ZQc2VwWUh5aE9ucwpKRjVJKzRFekNKVUdjRWhDcHRmKzczL0VFVmpyOXBYcDhHbjdjV0kyRWpJWE1ybmhIbWxldGJ4Z2NNRUlwMzNwCmYvellCQzlwOTZ0Vk90aVcvN2RTZ1BCb0cvdFlyZ0lUdnZFOWxlMXRjUjF5ZVUzaUcva0FEOSs1d0hZOXJVZHoKcm01cG9SUmJjQi9JN1dNQ1VnNVVxZ0o5WkJ0K3N6dERZc29kbnVsa2pZMENnZ0VBRzJkcGZYeXBjOWxrZXFSVQpKNGczWkVLc1VGT3RKQmFqYVE0dEFrSUhqQnZySGhlemlNWGdNMUJiWDVrQUI0d0N1RVdGeEpqODJ6cS9jejhTCnkyZHlSWHEzZzBFUzg3ZVFsZDRMTytRUlNOc3F2cG0zaWM4S0EvWnQzellONVVFN25URkdQVWRYUituYVMyVC8KQ1l3ZmZ4bDhOeFZBZThwcldNbFBKV1IraHR3Mi9EbkhRVDAzS25RZG9wS2IzcHdFRVZNVTVjRFFkU0ZRWE93aApwSHJqMFU4VWtOZDZzNzJsanFITmluc0IzeFB2QXRmbUVMV2xaUUFGZVFKR3Jwd2Fkc25VOUZPbk85WThMYTdHCk94UG1pcW5qRG1zRzgrdHdtNjdVSC9tdS9aQjZFQWZFNTRpaG1qSmNBOGJDUytYMkFoN2FLSm15bnZlK2JhYjcKOEdCSmRRS0NBUUJzYnRhbVZKalpETy95MjhyOGd2eGowNnU2MGd0YXVrQlpQQ3hGVG1Yb2FYN1RxQm85QytGbApvUmRhcCs3K2dZbUo5SDhBSFh4NTN2b2ZBeWZ1dUtVUjNxWGJ5NzErSXZUQjRKODkxYTUrc1ZTMjJaU2tXM2VoClhtbVJXMWF6K1JoRWhTeU95VzYvd0pWT3VNTUZPT1dSNVNqTWNnUE1aQVVMcjJDcmpxSDRwUlBQNUpVNloxLzkKZkpwaG11ZVR3WGFPSjQrV1o5SkhUSkdZTkEvejZvWlJPOU9jazYwZXROaW9VcjVmbiswMlkvSHlzUmlkb1pabApXSm5oa05VL3gxSUlnZTRUejJqWFhNL0tRRjdQKzhRdWc1SUFJUGNUd3dNWURKRWlmK0NtU3orNlQ4UlJsbXdHClRqQzM0Zml1VjhKVThQS2JMVTBhK3k5Zk93dTJvTWJCQW9JQkFHREhJaXJFVGFQcS8yZnl5YWtpNUVGQTd6bGEKVURDcXdXS1RFRVQrMGVtYmVmaE44ZkJ3K0lESGVCQUlVSUZZNmxjNXpFZTNkL2JtSlNOcGtqZk5BMWF0ekZ4VwpQb21MTHZyOFhjeTVZc1Q5K2lXTFhQRjI4SXM2aWg5UVVDQ2NsVDVUZGhIdGVQTURzOFVtYlZJQVVQeVZ0akhsCnJCaWdMd2ljSkhNYUQ1akVBeldxZ3J1Y21wWFQ0RkRpRHRCeUFVYS9XQzh0aDUwWndUYVBZUXdJalVaenlqeFMKMkoxU1FIWDZKcU5mSTdmZmNUbTRqbE1qUjdSc0tsNCtFa2hXZDVPVm9QZXBtVDVFRFVkdis3UkF2alpBTGR2eAp1cUFBRUFXN09LbkxiSXB5U1dnZFRoby80Z0h0bmxhRzQwUTV5bm9WUlRMcmIxeWQ3V0NHY2lna0dBZz0KLS0tLS1FTkQgUlNBIFBSSVZBVEUgS0VZLS0tLS0K\n    token: u27fw47mtut5tlqpkstblp320cxvv4vsal4ws214amh6fqok96c0bvjhcintqu28qpdu0ce3kev4cogzlwiinve7jy5ovt6s1a4ivep59h8vfuecwvkn5o5dhy0d9do9\n",
            "kubelet_identity": [],
            "kubernetes_version": "1.28.5",
            "linux_profile": [],
            "local_account_disabled": false,
            "location": "westus2",
            "maintenance_window": [],
            "maintenance_window_auto_upgrade": [],
            "maintenance_window_node_os": [],
            "microsoft_defender": [],
            "monitor_metrics": [],
            "name": "aks1",
            "network_profile": [
              {
                "dns_service_ip": "10.0.0.10",
                "docker_bridge_cidr": "",
                "ebpf_data_plane": "",
                "ip_versions": [
                  "IPv4"
                ],
                "load_balancer_profile": [
                  {
                    "effective_outbound_ips": [
                      "/subscriptions/9102ad22-29b3-4b1d-a45e-c377a9554d9a/resourceGroups/MC_rg1_aks1_westus2/providers/Microsoft.Network/publicIPAddresses/09ffa67d-9767-49b5-96f1-d65fd30c51dc"
                    ],
                    "idle_timeout_in_minutes": 0,
                    "managed_outbound_ip_count": 1,
                    "managed_outbound_ipv6_count": 0,
                    "outbound_ip_address_ids": [],
                    "outbound_ip_prefix_ids": [],
                    "outbound_ports_allocated": 0
                  }
                ],
                "load_balancer_sku": "standard",
                "nat_gateway_profile": [],
                "network_mode": "",
                "network_plugin": "kubenet",
                "network_plugin_mode": "",
                "network_policy": "",
                "outbound_type": "loadBalancer",
                "pod_cidr": "10.244.0.0/16",
                "pod_cidrs": [
                  "10.244.0.0/16"
                ],
                "service_cidr": "10.0.0.0/16",
                "service_cidrs": [
                  "10.0.0.0/16"
                ]
              }
            ],
            "node_os_channel_upgrade": null,
            "node_resource_group": "MC_rg1_aks1_westus2",
            "node_resource_group_id": "/subscriptions/9102ad22-29b3-4b1d-a45e-c377a9554d9a/resourceGroups/MC_rg1_aks1_westus2",
            "oidc_issuer_enabled": false,
            "oidc_issuer_url": "",
            "oms_agent": [],
            "open_service_mesh_enabled": null,
            "portal_fqdn": "ive220035674-k8s-hajxj69c.portal.hcp.westus2.azmk8s.io",
            "private_cluster_enabled": false,
            "private_cluster_public_fqdn_enabled": false,
            "private_dns_zone_id": null,
            "private_fqdn": "",
            "public_network_access_enabled": true,
            "resource_group_name": "rg1",
            "role_based_access_control_enabled": true,
            "run_command_enabled": true,
            "service_mesh_profile": [],
            "service_principal": [
              {
                "client_id": "9bbb3e22-aaca-49fc-9c1e-a2a5dfb119bb",
                "client_secret": "QVe8Q~gbC6Mutyn3vSgZETXKLdreZ2GDPyFPub_w"
              }
            ],
            "sku_tier": "Free",
            "storage_profile": [],
            "tags": {},
            "timeouts": null,
            "web_app_routing": [],
            "windows_profile": [],
            "workload_autoscaler_profile": [],
            "workload_identity_enabled": false
          },
          "sensitive_attributes": [],
          "private": "eyJlMmJmYjczMC1lY2FhLTExZTYtOGY4OC0zNDM2M2JjN2M0YzAiOnsiY3JlYXRlIjo1NDAwMDAwMDAwMDAwLCJkZWxldGUiOjU0MDAwMDAwMDAwMDAsInJlYWQiOjMwMDAwMDAwMDAwMCwidXBkYXRlIjo1NDAwMDAwMDAwMDAwfSwic2NoZW1hX3ZlcnNpb24iOiIyIn0=",
          "dependencies": [
            "azurerm_resource_group.rg1"
          ]
        }
      ]
    },
    {
      "mode": "managed",
      "type": "azurerm_network_interface",
      "name": "nic1",
      "provider": "provider[\"registry.terraform.io/hashicorp/azurerm\"]",
      "instances": [
        {
          "schema_version": 0,
          "attributes": {
            "applied_dns_servers": [],
            "dns_servers": [],
            "edge_zone": "",
            "enable_accelerated_networking": false,
            "enable_ip_forwarding": false,
            "id": "/subscriptions/9102ad22-29b3-4b1d-a45e-c377a9554d9a/resourceGroups/rg1/providers/Microsoft.Network/networkInterfaces/nic1",
            "internal_dns_name_label": "",
            "internal_domain_name_suffix": "",
            "ip_configuration": [
              {
                "gateway_load_balancer_frontend_ip_configuration_id": "",
                "name": "internal",
                "primary": true,
                "private_ip_address": "10.0.1.4",
                "private_ip_address_allocation": "Dynamic",
                "private_ip_address_version": "IPv4",
                "public_ip_address_id": "",
                "subnet_id": "/subscriptions/9102ad22-29b3-4b1d-a45e-c377a9554d9a/resourceGroups/rg1/providers/Microsoft.Network/virtualNetworks/vpc1/subnets/subnet1"
              }
            ],
            "location": "westus2",
            "mac_address": "00-0D-3A-C6-2B-C4",
            "name": "nic1",
            "private_ip_address": "10.0.1.4",
            "private_ip_addresses": [
              "10.0.1.4"
            ],
            "resource_group_name": "rg1",
            "tags": {},
            "timeouts": null,
            "virtual_machine_id": "/subscriptions/9102ad22-29b3-4b1d-a45e-c377a9554d9a/resourceGroups/rg1/providers/Microsoft.Compute/virtualMachines/vm1"
          },
          "sensitive_attributes": [],
          "private": "eyJlMmJmYjczMC1lY2FhLTExZTYtOGY4OC0zNDM2M2JjN2M0YzAiOnsiY3JlYXRlIjoxODAwMDAwMDAwMDAwLCJkZWxldGUiOjE4MDAwMDAwMDAwMDAsInJlYWQiOjMwMDAwMDAwMDAwMCwidXBkYXRlIjoxODAwMDAwMDAwMDAwfX0=",
          "dependencies": [
            "azurerm_resource_group.rg1",
            "azurerm_subnet.subnet1",
            "azurerm_virtual_network.vpc1"
          ]
        }
      ]
    },
    {
      "mode": "managed",
      "type": "azurerm_network_interface",
      "name": "nic2",
      "provider": "provider[\"registry.terraform.io/hashicorp/azurerm\"]",
      "instances": [
        {
          "schema_version": 0,
          "attributes": {
            "applied_dns_servers": [],
            "dns_servers": [],
            "edge_zone": "",
            "enable_accelerated_networking": false,
            "enable_ip_forwarding": false,
            "id": "/subscriptions/9102ad22-29b3-4b1d-a45e-c377a9554d9a/resourceGroups/rg1/providers/Microsoft.Network/networkInterfaces/nic2",
            "internal_dns_name_label": "",
            "internal_domain_name_suffix": "",
            "ip_configuration": [
              {
                "gateway_load_balancer_frontend_ip_configuration_id": "",
                "name": "internal",
                "primary": true,
                "private_ip_address": "10.0.2.4",
                "private_ip_address_allocation": "Dynamic",
                "private_ip_address_version": "IPv4",
                "public_ip_address_id": "",
                "subnet_id": "/subscriptions/9102ad22-29b3-4b1d-a45e-c377a9554d9a/resourceGroups/rg1/providers/Microsoft.Network/virtualNetworks/vpc1/subnets/subnet2"
              }
            ],
            "location": "westus2",
            "mac_address": "00-22-48-BA-E4-4D",
            "name": "nic2",
            "private_ip_address": "10.0.2.4",
            "private_ip_addresses": [
              "10.0.2.4"
            ],
            "resource_group_name": "rg1",
            "tags": {},
            "timeouts": null,
            "virtual_machine_id": "/subscriptions/9102ad22-29b3-4b1d-a45e-c377a9554d9a/resourceGroups/rg1/providers/Microsoft.Compute/virtualMachines/vm2"
          },
          "sensitive_attributes": [],
          "private": "eyJlMmJmYjczMC1lY2FhLTExZTYtOGY4OC0zNDM2M2JjN2M0YzAiOnsiY3JlYXRlIjoxODAwMDAwMDAwMDAwLCJkZWxldGUiOjE4MDAwMDAwMDAwMDAsInJlYWQiOjMwMDAwMDAwMDAwMCwidXBkYXRlIjoxODAwMDAwMDAwMDAwfX0=",
          "dependencies": [
            "azurerm_resource_group.rg1",
            "azurerm_subnet.subnet2",
            "azurerm_virtual_network.vpc1"
          ]
        }
      ]
    },
    {
      "mode": "managed",
      "type": "azurerm_network_security_group",
      "name": "sg1",
      "provider": "provider[\"registry.terraform.io/hashicorp/azurerm\"]",
      "instances": [
        {
          "schema_version": 0,
          "attributes": {
            "id": "/subscriptions/9102ad22-29b3-4b1d-a45e-c377a9554d9a/resourceGroups/rg1/providers/Microsoft.Network/networkSecurityGroups/sg1",
            "location": "westus2",
            "name": "sg1",
            "resource_group_name": "rg1",
            "security_rule": [],
            "tags": {},
            "timeouts": null
          },
          "sensitive_attributes": [],
          "private": "eyJlMmJmYjczMC1lY2FhLTExZTYtOGY4OC0zNDM2M2JjN2M0YzAiOnsiY3JlYXRlIjoxODAwMDAwMDAwMDAwLCJkZWxldGUiOjE4MDAwMDAwMDAwMDAsInJlYWQiOjMwMDAwMDAwMDAwMCwidXBkYXRlIjoxODAwMDAwMDAwMDAwfX0=",
          "dependencies": [
            "azurerm_resource_group.rg1"
          ]
        }
      ]
    },
    {
      "mode": "managed",
      "type": "azurerm_resource_group",
      "name": "rg1",
      "provider": "provider[\"registry.terraform.io/hashicorp/azurerm\"]",
      "instances": [
        {
          "schema_version": 0,
          "attributes": {
            "id": "/subscriptions/9102ad22-29b3-4b1d-a45e-c377a9554d9a/resourceGroups/rg1",
            "location": "westus2",
            "managed_by": "",
            "name": "rg1",
            "tags": {},
            "timeouts": null
          },
          "sensitive_attributes": [],
          "private": "eyJlMmJmYjczMC1lY2FhLTExZTYtOGY4OC0zNDM2M2JjN2M0YzAiOnsiY3JlYXRlIjo1NDAwMDAwMDAwMDAwLCJkZWxldGUiOjU0MDAwMDAwMDAwMDAsInJlYWQiOjMwMDAwMDAwMDAwMCwidXBkYXRlIjo1NDAwMDAwMDAwMDAwfX0="
        }
      ]
    },
    {
      "mode": "managed",
      "type": "azurerm_subnet",
      "name": "subnet1",
      "provider": "provider[\"registry.terraform.io/hashicorp/azurerm\"]",
      "instances": [
        {
          "schema_version": 0,
          "attributes": {
            "address_prefixes": [
              "10.0.1.0/24"
            ],
            "delegation": [],
            "enforce_private_link_endpoint_network_policies": false,
            "enforce_private_link_service_network_policies": false,
            "id": "/subscriptions/9102ad22-29b3-4b1d-a45e-c377a9554d9a/resourceGroups/rg1/providers/Microsoft.Network/virtualNetworks/vpc1/subnets/subnet1",
            "name": "subnet1",
            "private_endpoint_network_policies_enabled": true,
            "private_link_service_network_policies_enabled": true,
            "resource_group_name": "rg1",
            "service_endpoint_policy_ids": [],
            "service_endpoints": [],
            "timeouts": null,
            "virtual_network_name": "vpc1"
          },
          "sensitive_attributes": [],
          "private": "eyJlMmJmYjczMC1lY2FhLTExZTYtOGY4OC0zNDM2M2JjN2M0YzAiOnsiY3JlYXRlIjoxODAwMDAwMDAwMDAwLCJkZWxldGUiOjE4MDAwMDAwMDAwMDAsInJlYWQiOjMwMDAwMDAwMDAwMCwidXBkYXRlIjoxODAwMDAwMDAwMDAwfX0=",
          "dependencies": [
            "azurerm_resource_group.rg1",
            "azurerm_virtual_network.vpc1"
          ]
        }
      ]
    },
    {
      "mode": "managed",
      "type": "azurerm_subnet",
      "name": "subnet2",
      "provider": "provider[\"registry.terraform.io/hashicorp/azurerm\"]",
      "instances": [
        {
          "schema_version": 0,
          "attributes": {
            "address_prefixes": [
              "10.0.2.0/24"
            ],
            "delegation": [],
            "enforce_private_link_endpoint_network_policies": false,
            "enforce_private_link_service_network_policies": false,
            "id": "/subscriptions/9102ad22-29b3-4b1d-a45e-c377a9554d9a/resourceGroups/rg1/providers/Microsoft.Network/virtualNetworks/vpc1/subnets/subnet2",
            "name": "subnet2",
            "private_endpoint_network_policies_enabled": true,
            "private_link_service_network_policies_enabled": true,
            "resource_group_name": "rg1",
            "service_endpoint_policy_ids": [],
            "service_endpoints": [],
            "timeouts": null,
            "virtual_network_name": "vpc1"
          },
          "sensitive_attributes": [],
          "private": "eyJlMmJmYjczMC1lY2FhLTExZTYtOGY4OC0zNDM2M2JjN2M0YzAiOnsiY3JlYXRlIjoxODAwMDAwMDAwMDAwLCJkZWxldGUiOjE4MDAwMDAwMDAwMDAsInJlYWQiOjMwMDAwMDAwMDAwMCwidXBkYXRlIjoxODAwMDAwMDAwMDAwfX0=",
          "dependencies": [
            "azurerm_resource_group.rg1",
            "azurerm_virtual_network.vpc1"
          ]
        }
      ]
    },
    {
      "mode": "managed",
      "type": "azurerm_virtual_network",
      "name": "vpc1",
      "provider": "provider[\"registry.terraform.io/hashicorp/azurerm\"]",
      "instances": [
        {
          "schema_version": 0,
          "attributes": {
            "address_space": [
              "10.0.0.0/16"
            ],
            "bgp_community": "",
            "ddos_protection_plan": [],
            "dns_servers": [],
            "edge_zone": "",
            "flow_timeout_in_minutes": 0,
            "guid": "1f68e9a6-4420-4aac-8600-d67bb643c975",
            "id": "/subscriptions/9102ad22-29b3-4b1d-a45e-c377a9554d9a/resourceGroups/rg1/providers/Microsoft.Network/virtualNetworks/vpc1",
            "location": "westus2",
            "name": "vpc1",
            "resource_group_name": "rg1",
            "subnet": [
              {
                "address_prefix": "10.0.1.0/24",
                "id": "/subscriptions/9102ad22-29b3-4b1d-a45e-c377a9554d9a/resourceGroups/rg1/providers/Microsoft.Network/virtualNetworks/vpc1/subnets/subnet1",
                "name": "subnet1",
                "security_group": ""
              },
              {
                "address_prefix": "10.0.2.0/24",
                "id": "/subscriptions/9102ad22-29b3-4b1d-a45e-c377a9554d9a/resourceGroups/rg1/providers/Microsoft.Network/virtualNetworks/vpc1/subnets/subnet2",
                "name": "subnet2",
                "security_group": ""
              }
            ],
            "tags": {},
            "timeouts": null
          },
          "sensitive_attributes": [],
          "private": "eyJlMmJmYjczMC1lY2FhLTExZTYtOGY4OC0zNDM2M2JjN2M0YzAiOnsiY3JlYXRlIjoxODAwMDAwMDAwMDAwLCJkZWxldGUiOjE4MDAwMDAwMDAwMDAsInJlYWQiOjMwMDAwMDAwMDAwMCwidXBkYXRlIjoxODAwMDAwMDAwMDAwfX0=",
          "dependencies": [
            "azurerm_resource_group.rg1"
          ]
        }
      ]
    },
    {
      "mode": "managed",
      "type": "azurerm_windows_virtual_machine",
      "name": "vm1",
      "provider": "provider[\"registry.terraform.io/hashicorp/azurerm\"]",
      "instances": [
        {
          "schema_version": 0,
          "attributes": {
            "additional_capabilities": [],
            "additional_unattend_content": [],
            "admin_password": "P@$$w0rd1234!",
            "admin_username": "adminuser",
            "allow_extension_operations": true,
            "availability_set_id": "",
            "boot_diagnostics": [],
            "capacity_reservation_group_id": "",
            "computer_name": "vm1",
            "custom_data": null,
            "dedicated_host_group_id": "",
            "dedicated_host_id": "",
            "edge_zone": "",
            "enable_automatic_updates": true,
            "encryption_at_host_enabled": false,
            "eviction_policy": "",
            "extensions_time_budget": "PT1H30M",
            "gallery_application": [],
            "hotpatching_enabled": false,
            "id": "/subscriptions/9102ad22-29b3-4b1d-a45e-c377a9554d9a/resourceGroups/rg1/providers/Microsoft.Compute/virtualMachines/vm1",
            "identity": [],
            "license_type": "",
            "location": "westus2",
            "max_bid_price": -1,
            "name": "vm1",
            "network_interface_ids": [
              "/subscriptions/9102ad22-29b3-4b1d-a45e-c377a9554d9a/resourceGroups/rg1/providers/Microsoft.Network/networkInterfaces/nic1"
            ],
            "os_disk": [
              {
                "caching": "ReadWrite",
                "diff_disk_settings": [],
                "disk_encryption_set_id": "",
                "disk_size_gb": 127,
                "name": "vm1_OsDisk_1_c67b0f7548c34029811a615da55eb79d",
                "secure_vm_disk_encryption_set_id": "",
                "security_encryption_type": "",
                "storage_account_type": "Standard_LRS",
                "write_accelerator_enabled": false
              }
            ],
            "patch_assessment_mode": "ImageDefault",
            "patch_mode": "AutomaticByOS",
            "plan": [],
            "platform_fault_domain": -1,
            "priority": "Regular",
            "private_ip_address": "10.0.1.4",
            "private_ip_addresses": [
              "10.0.1.4"
            ],
            "provision_vm_agent": true,
            "proximity_placement_group_id": "",
            "public_ip_address": "",
            "public_ip_addresses": [],
            "resource_group_name": "rg1",
            "secret": [],
            "secure_boot_enabled": false,
            "size": "Standard_A1_v2",
            "source_image_id": "",
            "source_image_reference": [
              {
                "offer": "WindowsServer",
                "publisher": "MicrosoftWindowsServer",
                "sku": "2016-Datacenter",
                "version": "latest"
              }
            ],
            "tags": {},
            "termination_notification": [],
            "timeouts": null,
            "timezone": "",
            "user_data": "",
            "virtual_machine_id": "59f7ebeb-c664-4bc0-9b20-5456ec1ee323",
            "virtual_machine_scale_set_id": "",
            "vtpm_enabled": false,
            "winrm_listener": [],
            "zone": ""
          },
          "sensitive_attributes": [],
          "private": "eyJlMmJmYjczMC1lY2FhLTExZTYtOGY4OC0zNDM2M2JjN2M0YzAiOnsiY3JlYXRlIjoyNzAwMDAwMDAwMDAwLCJkZWxldGUiOjI3MDAwMDAwMDAwMDAsInJlYWQiOjMwMDAwMDAwMDAwMCwidXBkYXRlIjoyNzAwMDAwMDAwMDAwfX0=",
          "dependencies": [
            "azurerm_network_interface.nic1",
            "azurerm_resource_group.rg1",
            "azurerm_subnet.subnet1",
            "azurerm_virtual_network.vpc1"
          ]
        }
      ]
    },
    {
      "mode": "managed",
      "type": "azurerm_windows_virtual_machine",
      "name": "vm2",
      "provider": "provider[\"registry.terraform.io/hashicorp/azurerm\"]",
      "instances": [
        {
          "schema_version": 0,
          "attributes": {
            "additional_capabilities": [],
            "additional_unattend_content": [],
            "admin_password": "P@$$w0rd1234!",
            "admin_username": "adminuser",
            "allow_extension_operations": true,
            "availability_set_id": "",
            "boot_diagnostics": [],
            "capacity_reservation_group_id": "",
            "computer_name": "vm2",
            "custom_data": null,
            "dedicated_host_group_id": "",
            "dedicated_host_id": "",
            "edge_zone": "",
            "enable_automatic_updates": true,
            "encryption_at_host_enabled": false,
            "eviction_policy": "",
            "extensions_time_budget": "PT1H30M",
            "gallery_application": [],
            "hotpatching_enabled": false,
            "id": "/subscriptions/9102ad22-29b3-4b1d-a45e-c377a9554d9a/resourceGroups/rg1/providers/Microsoft.Compute/virtualMachines/vm2",
            "identity": [],
            "license_type": "",
            "location": "westus2",
            "max_bid_price": -1,
            "name": "vm2",
            "network_interface_ids": [
              "/subscriptions/9102ad22-29b3-4b1d-a45e-c377a9554d9a/resourceGroups/rg1/providers/Microsoft.Network/networkInterfaces/nic2"
            ],
            "os_disk": [
              {
                "caching": "ReadWrite",
                "diff_disk_settings": [],
                "disk_encryption_set_id": "",
                "disk_size_gb": 127,
                "name": "vm2_OsDisk_1_343be4ad91ca4034a985d4376a9c97c2",
                "secure_vm_disk_encryption_set_id": "",
                "security_encryption_type": "",
                "storage_account_type": "Standard_LRS",
                "write_accelerator_enabled": false
              }
            ],
            "patch_assessment_mode": "ImageDefault",
            "patch_mode": "AutomaticByOS",
            "plan": [],
            "platform_fault_domain": -1,
            "priority": "Regular",
            "private_ip_address": "10.0.2.4",
            "private_ip_addresses": [
              "10.0.2.4"
            ],
            "provision_vm_agent": true,
            "proximity_placement_group_id": "",
            "public_ip_address": "",
            "public_ip_addresses": [],
            "resource_group_name": "rg1",
            "secret": [],
            "secure_boot_enabled": false,
            "size": "Standard_A1_v2",
            "source_image_id": "",
            "source_image_reference": [
              {
                "offer": "WindowsServer",
                "publisher": "MicrosoftWindowsServer",
                "sku": "2016-Datacenter",
                "version": "latest"
              }
            ],
            "tags": {},
            "termination_notification": [],
            "timeouts": null,
            "timezone": "",
            "user_data": "",
            "virtual_machine_id": "73bf72d4-fcc3-4b5c-86bd-5fb7b819ef66",
            "virtual_machine_scale_set_id": "",
            "vtpm_enabled": false,
            "winrm_listener": [],
            "zone": ""
          },
          "sensitive_attributes": [],
          "private": "eyJlMmJmYjczMC1lY2FhLTExZTYtOGY4OC0zNDM2M2JjN2M0YzAiOnsiY3JlYXRlIjoyNzAwMDAwMDAwMDAwLCJkZWxldGUiOjI3MDAwMDAwMDAwMDAsInJlYWQiOjMwMDAwMDAwMDAwMCwidXBkYXRlIjoyNzAwMDAwMDAwMDAwfX0=",
          "dependencies": [
            "azurerm_network_interface.nic2",
            "azurerm_resource_group.rg1",
            "azurerm_subnet.subnet2",
            "azurerm_virtual_network.vpc1"
          ]
        }
      ]
    }
  ],
  "check_results": null
}
